// !$*UTF8*$!
{
	archiveVersion = 1;
	classes = {
	};
	objectVersion = 46;
	objects = {

/* Begin PBXBuildFile section */
		041B64F916B7CCB800B734D2 /* LSWebViewController.m in Sources */ = {isa = PBXBuildFile; fileRef = 041B64F716B7CCB800B734D2 /* LSWebViewController.m */; };
		041B64FA16B7CCB800B734D2 /* LSWebViewController.xib in Resources */ = {isa = PBXBuildFile; fileRef = 041B64F816B7CCB800B734D2 /* LSWebViewController.xib */; };
		042024CC16B0104E007148BA /* LSFontInfo.m in Sources */ = {isa = PBXBuildFile; fileRef = 042024CB16B0104E007148BA /* LSFontInfo.m */; };
		042024D316B01633007148BA /* CoreGraphics.framework in Frameworks */ = {isa = PBXBuildFile; fileRef = 0448844416AFD9A8000EA0FB /* CoreGraphics.framework */; };
		042024D416B0163B007148BA /* libz.1.2.5.dylib in Frameworks */ = {isa = PBXBuildFile; fileRef = 04C1782816AFE9D40051636D /* libz.1.2.5.dylib */; };
		042024D516B01640007148BA /* CoreText.framework in Frameworks */ = {isa = PBXBuildFile; fileRef = 042024CE16B013CD007148BA /* CoreText.framework */; };
		04303F4E16B0179A005F9DA0 /* libz.1.2.5.dylib in Frameworks */ = {isa = PBXBuildFile; fileRef = 04C1782816AFE9D40051636D /* libz.1.2.5.dylib */; };
		04303F4F16B017D7005F9DA0 /* CoreText.framework in Frameworks */ = {isa = PBXBuildFile; fileRef = 042024CE16B013CD007148BA /* CoreText.framework */; };
		04303F5116B02670005F9DA0 /* index.html in Resources */ = {isa = PBXBuildFile; fileRef = 04303F5016B02670005F9DA0 /* index.html */; };
		0448842E16AFD824000EA0FB /* Foundation.framework in Frameworks */ = {isa = PBXBuildFile; fileRef = 0448842D16AFD824000EA0FB /* Foundation.framework */; };
		0448843316AFD824000EA0FB /* LSFontLoader.h in CopyFiles */ = {isa = PBXBuildFile; fileRef = 0448843216AFD824000EA0FB /* LSFontLoader.h */; };
		0448843516AFD824000EA0FB /* LSFontLoader.m in Sources */ = {isa = PBXBuildFile; fileRef = 0448843416AFD824000EA0FB /* LSFontLoader.m */; };
		0448844216AFD9A8000EA0FB /* UIKit.framework in Frameworks */ = {isa = PBXBuildFile; fileRef = 0448844116AFD9A8000EA0FB /* UIKit.framework */; };
		0448844316AFD9A8000EA0FB /* Foundation.framework in Frameworks */ = {isa = PBXBuildFile; fileRef = 0448842D16AFD824000EA0FB /* Foundation.framework */; };
		0448844516AFD9A8000EA0FB /* CoreGraphics.framework in Frameworks */ = {isa = PBXBuildFile; fileRef = 0448844416AFD9A8000EA0FB /* CoreGraphics.framework */; };
		0448844B16AFD9A8000EA0FB /* InfoPlist.strings in Resources */ = {isa = PBXBuildFile; fileRef = 0448844916AFD9A8000EA0FB /* InfoPlist.strings */; };
		0448844D16AFD9A8000EA0FB /* main.m in Sources */ = {isa = PBXBuildFile; fileRef = 0448844C16AFD9A8000EA0FB /* main.m */; };
		0448845116AFD9A8000EA0FB /* LSAppDelegate.m in Sources */ = {isa = PBXBuildFile; fileRef = 0448845016AFD9A8000EA0FB /* LSAppDelegate.m */; };
		0448845316AFD9A8000EA0FB /* Default.png in Resources */ = {isa = PBXBuildFile; fileRef = 0448845216AFD9A8000EA0FB /* Default.png */; };
		0448845516AFD9A8000EA0FB /* Default@2x.png in Resources */ = {isa = PBXBuildFile; fileRef = 0448845416AFD9A8000EA0FB /* Default@2x.png */; };
		0448845716AFD9A8000EA0FB /* Default-568h@2x.png in Resources */ = {isa = PBXBuildFile; fileRef = 0448845616AFD9A8000EA0FB /* Default-568h@2x.png */; };
		0448845A16AFD9A8000EA0FB /* LSViewController.m in Sources */ = {isa = PBXBuildFile; fileRef = 0448845916AFD9A8000EA0FB /* LSViewController.m */; };
		044884D516AFDCBC000EA0FB /* AFHTTPClient.m in Sources */ = {isa = PBXBuildFile; fileRef = 044884C316AFDCBC000EA0FB /* AFHTTPClient.m */; };
		044884D616AFDCBC000EA0FB /* AFHTTPRequestOperation.m in Sources */ = {isa = PBXBuildFile; fileRef = 044884C516AFDCBC000EA0FB /* AFHTTPRequestOperation.m */; };
		044884D716AFDCBC000EA0FB /* AFImageRequestOperation.m in Sources */ = {isa = PBXBuildFile; fileRef = 044884C716AFDCBC000EA0FB /* AFImageRequestOperation.m */; };
		044884D816AFDCBC000EA0FB /* AFJSONRequestOperation.m in Sources */ = {isa = PBXBuildFile; fileRef = 044884C916AFDCBC000EA0FB /* AFJSONRequestOperation.m */; };
		044884D916AFDCBC000EA0FB /* AFNetworkActivityIndicatorManager.m in Sources */ = {isa = PBXBuildFile; fileRef = 044884CB16AFDCBC000EA0FB /* AFNetworkActivityIndicatorManager.m */; };
		044884DA16AFDCBC000EA0FB /* AFPropertyListRequestOperation.m in Sources */ = {isa = PBXBuildFile; fileRef = 044884CE16AFDCBC000EA0FB /* AFPropertyListRequestOperation.m */; };
		044884DB16AFDCBC000EA0FB /* AFURLConnectionOperation.m in Sources */ = {isa = PBXBuildFile; fileRef = 044884D016AFDCBC000EA0FB /* AFURLConnectionOperation.m */; };
		044884DC16AFDCBC000EA0FB /* AFXMLRequestOperation.m in Sources */ = {isa = PBXBuildFile; fileRef = 044884D216AFDCBC000EA0FB /* AFXMLRequestOperation.m */; };
		044884DD16AFDCBC000EA0FB /* UIImageView+AFNetworking.m in Sources */ = {isa = PBXBuildFile; fileRef = 044884D416AFDCBC000EA0FB /* UIImageView+AFNetworking.m */; };
		04C177F816AFDF530051636D /* libLSFontLoader.a in Frameworks */ = {isa = PBXBuildFile; fileRef = 0448842A16AFD824000EA0FB /* libLSFontLoader.a */; };
		04C177FB16AFE10E0051636D /* LSPropertyListRequestOperation.m in Sources */ = {isa = PBXBuildFile; fileRef = 04C177FA16AFE10E0051636D /* LSPropertyListRequestOperation.m */; };
		04C177FE16AFE2A80051636D /* LSFontAsset.m in Sources */ = {isa = PBXBuildFile; fileRef = 04C177FD16AFE2A80051636D /* LSFontAsset.m */; };
		04C1781F16AFE80A0051636D /* ioapi.c in Sources */ = {isa = PBXBuildFile; fileRef = 04C1780516AFE80A0051636D /* ioapi.c */; };
		04C1782016AFE80A0051636D /* mztools.c in Sources */ = {isa = PBXBuildFile; fileRef = 04C1780716AFE80A0051636D /* mztools.c */; };
		04C1782116AFE80A0051636D /* unzip.c in Sources */ = {isa = PBXBuildFile; fileRef = 04C1780916AFE80A0051636D /* unzip.c */; };
		04C1782216AFE80A0051636D /* zip.c in Sources */ = {isa = PBXBuildFile; fileRef = 04C1780B16AFE80A0051636D /* zip.c */; };
		04C1782316AFE80A0051636D /* SSZipArchive.m in Sources */ = {isa = PBXBuildFile; fileRef = 04C1780F16AFE80A0051636D /* SSZipArchive.m */; };
/* End PBXBuildFile section */

/* Begin PBXCopyFilesBuildPhase section */
		0448842816AFD824000EA0FB /* CopyFiles */ = {
			isa = PBXCopyFilesBuildPhase;
			buildActionMask = 2147483647;
			dstPath = "include/${PRODUCT_NAME}";
			dstSubfolderSpec = 16;
			files = (
				0448843316AFD824000EA0FB /* LSFontLoader.h in CopyFiles */,
			);
			runOnlyForDeploymentPostprocessing = 0;
		};
/* End PBXCopyFilesBuildPhase section */

/* Begin PBXFileReference section */
		041B64F616B7CCB800B734D2 /* LSWebViewController.h */ = {isa = PBXFileReference; fileEncoding = 4; lastKnownFileType = sourcecode.c.h; path = LSWebViewController.h; sourceTree = "<group>"; };
		041B64F716B7CCB800B734D2 /* LSWebViewController.m */ = {isa = PBXFileReference; fileEncoding = 4; lastKnownFileType = sourcecode.c.objc; path = LSWebViewController.m; sourceTree = "<group>"; };
		041B64F816B7CCB800B734D2 /* LSWebViewController.xib */ = {isa = PBXFileReference; fileEncoding = 4; lastKnownFileType = file.xib; path = LSWebViewController.xib; sourceTree = "<group>"; };
		042024CA16B0104E007148BA /* LSFontInfo.h */ = {isa = PBXFileReference; fileEncoding = 4; lastKnownFileType = sourcecode.c.h; path = LSFontInfo.h; sourceTree = "<group>"; };
		042024CB16B0104E007148BA /* LSFontInfo.m */ = {isa = PBXFileReference; fileEncoding = 4; lastKnownFileType = sourcecode.c.objc; path = LSFontInfo.m; sourceTree = "<group>"; };
		042024CE16B013CD007148BA /* CoreText.framework */ = {isa = PBXFileReference; lastKnownFileType = wrapper.framework; name = CoreText.framework; path = System/Library/Frameworks/CoreText.framework; sourceTree = SDKROOT; };
		04303F5016B02670005F9DA0 /* index.html */ = {isa = PBXFileReference; fileEncoding = 4; lastKnownFileType = text.html; name = index.html; path = ../../../github/WebViewExternalFonts/index.html; sourceTree = "<group>"; };
		0448842A16AFD824000EA0FB /* libLSFontLoader.a */ = {isa = PBXFileReference; explicitFileType = archive.ar; includeInIndex = 0; path = libLSFontLoader.a; sourceTree = BUILT_PRODUCTS_DIR; };
		0448842D16AFD824000EA0FB /* Foundation.framework */ = {isa = PBXFileReference; lastKnownFileType = wrapper.framework; name = Foundation.framework; path = System/Library/Frameworks/Foundation.framework; sourceTree = SDKROOT; };
		0448843116AFD824000EA0FB /* LSFontLoader-Prefix.pch */ = {isa = PBXFileReference; lastKnownFileType = sourcecode.c.h; path = "LSFontLoader-Prefix.pch"; sourceTree = "<group>"; };
		0448843216AFD824000EA0FB /* LSFontLoader.h */ = {isa = PBXFileReference; lastKnownFileType = sourcecode.c.h; path = LSFontLoader.h; sourceTree = "<group>"; };
		0448843416AFD824000EA0FB /* LSFontLoader.m */ = {isa = PBXFileReference; lastKnownFileType = sourcecode.c.objc; path = LSFontLoader.m; sourceTree = "<group>"; };
		0448843F16AFD9A8000EA0FB /* LSFontLoaderExample.app */ = {isa = PBXFileReference; explicitFileType = wrapper.application; includeInIndex = 0; path = LSFontLoaderExample.app; sourceTree = BUILT_PRODUCTS_DIR; };
		0448844116AFD9A8000EA0FB /* UIKit.framework */ = {isa = PBXFileReference; lastKnownFileType = wrapper.framework; name = UIKit.framework; path = System/Library/Frameworks/UIKit.framework; sourceTree = SDKROOT; };
		0448844416AFD9A8000EA0FB /* CoreGraphics.framework */ = {isa = PBXFileReference; lastKnownFileType = wrapper.framework; name = CoreGraphics.framework; path = System/Library/Frameworks/CoreGraphics.framework; sourceTree = SDKROOT; };
		0448844816AFD9A8000EA0FB /* LSFontLoaderExample-Info.plist */ = {isa = PBXFileReference; lastKnownFileType = text.plist.xml; path = "LSFontLoaderExample-Info.plist"; sourceTree = "<group>"; };
		0448844A16AFD9A8000EA0FB /* en */ = {isa = PBXFileReference; lastKnownFileType = text.plist.strings; name = en; path = en.lproj/InfoPlist.strings; sourceTree = "<group>"; };
		0448844C16AFD9A8000EA0FB /* main.m */ = {isa = PBXFileReference; lastKnownFileType = sourcecode.c.objc; path = main.m; sourceTree = "<group>"; };
		0448844E16AFD9A8000EA0FB /* LSFontLoaderExample-Prefix.pch */ = {isa = PBXFileReference; lastKnownFileType = sourcecode.c.h; path = "LSFontLoaderExample-Prefix.pch"; sourceTree = "<group>"; };
		0448844F16AFD9A8000EA0FB /* LSAppDelegate.h */ = {isa = PBXFileReference; lastKnownFileType = sourcecode.c.h; path = LSAppDelegate.h; sourceTree = "<group>"; };
		0448845016AFD9A8000EA0FB /* LSAppDelegate.m */ = {isa = PBXFileReference; lastKnownFileType = sourcecode.c.objc; path = LSAppDelegate.m; sourceTree = "<group>"; };
		0448845216AFD9A8000EA0FB /* Default.png */ = {isa = PBXFileReference; lastKnownFileType = image.png; path = Default.png; sourceTree = "<group>"; };
		0448845416AFD9A8000EA0FB /* Default@2x.png */ = {isa = PBXFileReference; lastKnownFileType = image.png; path = "Default@2x.png"; sourceTree = "<group>"; };
		0448845616AFD9A8000EA0FB /* Default-568h@2x.png */ = {isa = PBXFileReference; lastKnownFileType = image.png; path = "Default-568h@2x.png"; sourceTree = "<group>"; };
		0448845816AFD9A8000EA0FB /* LSViewController.h */ = {isa = PBXFileReference; lastKnownFileType = sourcecode.c.h; path = LSViewController.h; sourceTree = "<group>"; };
		0448845916AFD9A8000EA0FB /* LSViewController.m */ = {isa = PBXFileReference; lastKnownFileType = sourcecode.c.objc; path = LSViewController.m; sourceTree = "<group>"; };
		044884C216AFDCBC000EA0FB /* AFHTTPClient.h */ = {isa = PBXFileReference; fileEncoding = 4; lastKnownFileType = sourcecode.c.h; path = AFHTTPClient.h; sourceTree = "<group>"; };
		044884C316AFDCBC000EA0FB /* AFHTTPClient.m */ = {isa = PBXFileReference; fileEncoding = 4; lastKnownFileType = sourcecode.c.objc; path = AFHTTPClient.m; sourceTree = "<group>"; };
		044884C416AFDCBC000EA0FB /* AFHTTPRequestOperation.h */ = {isa = PBXFileReference; fileEncoding = 4; lastKnownFileType = sourcecode.c.h; path = AFHTTPRequestOperation.h; sourceTree = "<group>"; };
		044884C516AFDCBC000EA0FB /* AFHTTPRequestOperation.m */ = {isa = PBXFileReference; fileEncoding = 4; lastKnownFileType = sourcecode.c.objc; path = AFHTTPRequestOperation.m; sourceTree = "<group>"; };
		044884C616AFDCBC000EA0FB /* AFImageRequestOperation.h */ = {isa = PBXFileReference; fileEncoding = 4; lastKnownFileType = sourcecode.c.h; path = AFImageRequestOperation.h; sourceTree = "<group>"; };
		044884C716AFDCBC000EA0FB /* AFImageRequestOperation.m */ = {isa = PBXFileReference; fileEncoding = 4; lastKnownFileType = sourcecode.c.objc; path = AFImageRequestOperation.m; sourceTree = "<group>"; };
		044884C816AFDCBC000EA0FB /* AFJSONRequestOperation.h */ = {isa = PBXFileReference; fileEncoding = 4; lastKnownFileType = sourcecode.c.h; path = AFJSONRequestOperation.h; sourceTree = "<group>"; };
		044884C916AFDCBC000EA0FB /* AFJSONRequestOperation.m */ = {isa = PBXFileReference; fileEncoding = 4; lastKnownFileType = sourcecode.c.objc; path = AFJSONRequestOperation.m; sourceTree = "<group>"; };
		044884CA16AFDCBC000EA0FB /* AFNetworkActivityIndicatorManager.h */ = {isa = PBXFileReference; fileEncoding = 4; lastKnownFileType = sourcecode.c.h; path = AFNetworkActivityIndicatorManager.h; sourceTree = "<group>"; };
		044884CB16AFDCBC000EA0FB /* AFNetworkActivityIndicatorManager.m */ = {isa = PBXFileReference; fileEncoding = 4; lastKnownFileType = sourcecode.c.objc; path = AFNetworkActivityIndicatorManager.m; sourceTree = "<group>"; };
		044884CC16AFDCBC000EA0FB /* AFNetworking.h */ = {isa = PBXFileReference; fileEncoding = 4; lastKnownFileType = sourcecode.c.h; path = AFNetworking.h; sourceTree = "<group>"; };
		044884CD16AFDCBC000EA0FB /* AFPropertyListRequestOperation.h */ = {isa = PBXFileReference; fileEncoding = 4; lastKnownFileType = sourcecode.c.h; path = AFPropertyListRequestOperation.h; sourceTree = "<group>"; };
		044884CE16AFDCBC000EA0FB /* AFPropertyListRequestOperation.m */ = {isa = PBXFileReference; fileEncoding = 4; lastKnownFileType = sourcecode.c.objc; path = AFPropertyListRequestOperation.m; sourceTree = "<group>"; };
		044884CF16AFDCBC000EA0FB /* AFURLConnectionOperation.h */ = {isa = PBXFileReference; fileEncoding = 4; lastKnownFileType = sourcecode.c.h; path = AFURLConnectionOperation.h; sourceTree = "<group>"; };
		044884D016AFDCBC000EA0FB /* AFURLConnectionOperation.m */ = {isa = PBXFileReference; fileEncoding = 4; lastKnownFileType = sourcecode.c.objc; path = AFURLConnectionOperation.m; sourceTree = "<group>"; };
		044884D116AFDCBC000EA0FB /* AFXMLRequestOperation.h */ = {isa = PBXFileReference; fileEncoding = 4; lastKnownFileType = sourcecode.c.h; path = AFXMLRequestOperation.h; sourceTree = "<group>"; };
		044884D216AFDCBC000EA0FB /* AFXMLRequestOperation.m */ = {isa = PBXFileReference; fileEncoding = 4; lastKnownFileType = sourcecode.c.objc; path = AFXMLRequestOperation.m; sourceTree = "<group>"; };
		044884D316AFDCBC000EA0FB /* UIImageView+AFNetworking.h */ = {isa = PBXFileReference; fileEncoding = 4; lastKnownFileType = sourcecode.c.h; path = "UIImageView+AFNetworking.h"; sourceTree = "<group>"; };
		044884D416AFDCBC000EA0FB /* UIImageView+AFNetworking.m */ = {isa = PBXFileReference; fileEncoding = 4; lastKnownFileType = sourcecode.c.objc; path = "UIImageView+AFNetworking.m"; sourceTree = "<group>"; };
		04C177F916AFE10E0051636D /* LSPropertyListRequestOperation.h */ = {isa = PBXFileReference; fileEncoding = 4; lastKnownFileType = sourcecode.c.h; path = LSPropertyListRequestOperation.h; sourceTree = "<group>"; };
		04C177FA16AFE10E0051636D /* LSPropertyListRequestOperation.m */ = {isa = PBXFileReference; fileEncoding = 4; lastKnownFileType = sourcecode.c.objc; path = LSPropertyListRequestOperation.m; sourceTree = "<group>"; };
		04C177FC16AFE2A80051636D /* LSFontAsset.h */ = {isa = PBXFileReference; fileEncoding = 4; lastKnownFileType = sourcecode.c.h; path = LSFontAsset.h; sourceTree = "<group>"; };
		04C177FD16AFE2A80051636D /* LSFontAsset.m */ = {isa = PBXFileReference; fileEncoding = 4; lastKnownFileType = sourcecode.c.objc; path = LSFontAsset.m; sourceTree = "<group>"; };
		04C1780416AFE80A0051636D /* crypt.h */ = {isa = PBXFileReference; fileEncoding = 4; lastKnownFileType = sourcecode.c.h; path = crypt.h; sourceTree = "<group>"; };
		04C1780516AFE80A0051636D /* ioapi.c */ = {isa = PBXFileReference; fileEncoding = 4; lastKnownFileType = sourcecode.c.c; path = ioapi.c; sourceTree = "<group>"; };
		04C1780616AFE80A0051636D /* ioapi.h */ = {isa = PBXFileReference; fileEncoding = 4; lastKnownFileType = sourcecode.c.h; path = ioapi.h; sourceTree = "<group>"; };
		04C1780716AFE80A0051636D /* mztools.c */ = {isa = PBXFileReference; fileEncoding = 4; lastKnownFileType = sourcecode.c.c; path = mztools.c; sourceTree = "<group>"; };
		04C1780816AFE80A0051636D /* mztools.h */ = {isa = PBXFileReference; fileEncoding = 4; lastKnownFileType = sourcecode.c.h; path = mztools.h; sourceTree = "<group>"; };
		04C1780916AFE80A0051636D /* unzip.c */ = {isa = PBXFileReference; fileEncoding = 4; lastKnownFileType = sourcecode.c.c; path = unzip.c; sourceTree = "<group>"; };
		04C1780A16AFE80A0051636D /* unzip.h */ = {isa = PBXFileReference; fileEncoding = 4; lastKnownFileType = sourcecode.c.h; path = unzip.h; sourceTree = "<group>"; };
		04C1780B16AFE80A0051636D /* zip.c */ = {isa = PBXFileReference; fileEncoding = 4; lastKnownFileType = sourcecode.c.c; path = zip.c; sourceTree = "<group>"; };
		04C1780C16AFE80A0051636D /* zip.h */ = {isa = PBXFileReference; fileEncoding = 4; lastKnownFileType = sourcecode.c.h; path = zip.h; sourceTree = "<group>"; };
		04C1780E16AFE80A0051636D /* SSZipArchive.h */ = {isa = PBXFileReference; fileEncoding = 4; lastKnownFileType = sourcecode.c.h; path = SSZipArchive.h; sourceTree = "<group>"; };
		04C1780F16AFE80A0051636D /* SSZipArchive.m */ = {isa = PBXFileReference; fileEncoding = 4; lastKnownFileType = sourcecode.c.objc; path = SSZipArchive.m; sourceTree = "<group>"; };
		04C1782816AFE9D40051636D /* libz.1.2.5.dylib */ = {isa = PBXFileReference; lastKnownFileType = "compiled.mach-o.dylib"; name = libz.1.2.5.dylib; path = usr/lib/libz.1.2.5.dylib; sourceTree = SDKROOT; };
/* End PBXFileReference section */

/* Begin PBXFrameworksBuildPhase section */
		0448842716AFD824000EA0FB /* Frameworks */ = {
			isa = PBXFrameworksBuildPhase;
			buildActionMask = 2147483647;
			files = (
				042024D416B0163B007148BA /* libz.1.2.5.dylib in Frameworks */,
				042024D316B01633007148BA /* CoreGraphics.framework in Frameworks */,
				0448842E16AFD824000EA0FB /* Foundation.framework in Frameworks */,
				042024D516B01640007148BA /* CoreText.framework in Frameworks */,
			);
			runOnlyForDeploymentPostprocessing = 0;
		};
		0448843C16AFD9A8000EA0FB /* Frameworks */ = {
			isa = PBXFrameworksBuildPhase;
			buildActionMask = 2147483647;
			files = (
				04303F4F16B017D7005F9DA0 /* CoreText.framework in Frameworks */,
				04303F4E16B0179A005F9DA0 /* libz.1.2.5.dylib in Frameworks */,
				04C177F816AFDF530051636D /* libLSFontLoader.a in Frameworks */,
				0448844216AFD9A8000EA0FB /* UIKit.framework in Frameworks */,
				0448844316AFD9A8000EA0FB /* Foundation.framework in Frameworks */,
				0448844516AFD9A8000EA0FB /* CoreGraphics.framework in Frameworks */,
			);
			runOnlyForDeploymentPostprocessing = 0;
		};
/* End PBXFrameworksBuildPhase section */

/* Begin PBXGroup section */
		0448841F16AFD824000EA0FB = {
			isa = PBXGroup;
			children = (
				04C177FF16AFE80A0051636D /* SSZipArchive */,
				044884C116AFDCBC000EA0FB /* AFNetworking */,
				0448842F16AFD824000EA0FB /* LSFontLoader */,
				0448844616AFD9A8000EA0FB /* LSFontLoaderExample */,
				0448842C16AFD824000EA0FB /* Frameworks */,
				0448842B16AFD824000EA0FB /* Products */,
			);
			sourceTree = "<group>";
		};
		0448842B16AFD824000EA0FB /* Products */ = {
			isa = PBXGroup;
			children = (
				0448842A16AFD824000EA0FB /* libLSFontLoader.a */,
				0448843F16AFD9A8000EA0FB /* LSFontLoaderExample.app */,
			);
			name = Products;
			sourceTree = "<group>";
		};
		0448842C16AFD824000EA0FB /* Frameworks */ = {
			isa = PBXGroup;
			children = (
				04C1782816AFE9D40051636D /* libz.1.2.5.dylib */,
				042024CE16B013CD007148BA /* CoreText.framework */,
				0448842D16AFD824000EA0FB /* Foundation.framework */,
				0448844116AFD9A8000EA0FB /* UIKit.framework */,
				0448844416AFD9A8000EA0FB /* CoreGraphics.framework */,
			);
			name = Frameworks;
			sourceTree = "<group>";
		};
		0448842F16AFD824000EA0FB /* LSFontLoader */ = {
			isa = PBXGroup;
			children = (
				0448843216AFD824000EA0FB /* LSFontLoader.h */,
				0448843416AFD824000EA0FB /* LSFontLoader.m */,
				04C177FC16AFE2A80051636D /* LSFontAsset.h */,
				04C177FD16AFE2A80051636D /* LSFontAsset.m */,
				042024CA16B0104E007148BA /* LSFontInfo.h */,
				042024CB16B0104E007148BA /* LSFontInfo.m */,
				04C177F916AFE10E0051636D /* LSPropertyListRequestOperation.h */,
				04C177FA16AFE10E0051636D /* LSPropertyListRequestOperation.m */,
				0448843016AFD824000EA0FB /* Supporting Files */,
			);
			path = LSFontLoader;
			sourceTree = "<group>";
		};
		0448843016AFD824000EA0FB /* Supporting Files */ = {
			isa = PBXGroup;
			children = (
				0448843116AFD824000EA0FB /* LSFontLoader-Prefix.pch */,
			);
			name = "Supporting Files";
			sourceTree = "<group>";
		};
		0448844616AFD9A8000EA0FB /* LSFontLoaderExample */ = {
			isa = PBXGroup;
			children = (
				0448844F16AFD9A8000EA0FB /* LSAppDelegate.h */,
				0448845016AFD9A8000EA0FB /* LSAppDelegate.m */,
				0448845816AFD9A8000EA0FB /* LSViewController.h */,
				0448845916AFD9A8000EA0FB /* LSViewController.m */,
				041B64F616B7CCB800B734D2 /* LSWebViewController.h */,
				041B64F716B7CCB800B734D2 /* LSWebViewController.m */,
				041B64F816B7CCB800B734D2 /* LSWebViewController.xib */,
				0448844716AFD9A8000EA0FB /* Supporting Files */,
			);
			path = LSFontLoaderExample;
			sourceTree = "<group>";
		};
		0448844716AFD9A8000EA0FB /* Supporting Files */ = {
			isa = PBXGroup;
			children = (
				04303F5016B02670005F9DA0 /* index.html */,
				0448844816AFD9A8000EA0FB /* LSFontLoaderExample-Info.plist */,
				0448844916AFD9A8000EA0FB /* InfoPlist.strings */,
				0448844C16AFD9A8000EA0FB /* main.m */,
				0448844E16AFD9A8000EA0FB /* LSFontLoaderExample-Prefix.pch */,
				0448845216AFD9A8000EA0FB /* Default.png */,
				0448845416AFD9A8000EA0FB /* Default@2x.png */,
				0448845616AFD9A8000EA0FB /* Default-568h@2x.png */,
			);
			name = "Supporting Files";
			sourceTree = "<group>";
		};
		044884C116AFDCBC000EA0FB /* AFNetworking */ = {
			isa = PBXGroup;
			children = (
				044884C216AFDCBC000EA0FB /* AFHTTPClient.h */,
				044884C316AFDCBC000EA0FB /* AFHTTPClient.m */,
				044884C416AFDCBC000EA0FB /* AFHTTPRequestOperation.h */,
				044884C516AFDCBC000EA0FB /* AFHTTPRequestOperation.m */,
				044884C616AFDCBC000EA0FB /* AFImageRequestOperation.h */,
				044884C716AFDCBC000EA0FB /* AFImageRequestOperation.m */,
				044884C816AFDCBC000EA0FB /* AFJSONRequestOperation.h */,
				044884C916AFDCBC000EA0FB /* AFJSONRequestOperation.m */,
				044884CA16AFDCBC000EA0FB /* AFNetworkActivityIndicatorManager.h */,
				044884CB16AFDCBC000EA0FB /* AFNetworkActivityIndicatorManager.m */,
				044884CC16AFDCBC000EA0FB /* AFNetworking.h */,
				044884CD16AFDCBC000EA0FB /* AFPropertyListRequestOperation.h */,
				044884CE16AFDCBC000EA0FB /* AFPropertyListRequestOperation.m */,
				044884CF16AFDCBC000EA0FB /* AFURLConnectionOperation.h */,
				044884D016AFDCBC000EA0FB /* AFURLConnectionOperation.m */,
				044884D116AFDCBC000EA0FB /* AFXMLRequestOperation.h */,
				044884D216AFDCBC000EA0FB /* AFXMLRequestOperation.m */,
				044884D316AFDCBC000EA0FB /* UIImageView+AFNetworking.h */,
				044884D416AFDCBC000EA0FB /* UIImageView+AFNetworking.m */,
			);
			name = AFNetworking;
			path = AFNetworking/AFNetworking;
			sourceTree = "<group>";
		};
		04C177FF16AFE80A0051636D /* SSZipArchive */ = {
			isa = PBXGroup;
			children = (
				04C1780316AFE80A0051636D /* minizip */,
				04C1780E16AFE80A0051636D /* SSZipArchive.h */,
				04C1780F16AFE80A0051636D /* SSZipArchive.m */,
			);
			name = SSZipArchive;
			path = ssziparchive;
			sourceTree = "<group>";
		};
		04C1780316AFE80A0051636D /* minizip */ = {
			isa = PBXGroup;
			children = (
				04C1780416AFE80A0051636D /* crypt.h */,
				04C1780516AFE80A0051636D /* ioapi.c */,
				04C1780616AFE80A0051636D /* ioapi.h */,
				04C1780716AFE80A0051636D /* mztools.c */,
				04C1780816AFE80A0051636D /* mztools.h */,
				04C1780916AFE80A0051636D /* unzip.c */,
				04C1780A16AFE80A0051636D /* unzip.h */,
				04C1780B16AFE80A0051636D /* zip.c */,
				04C1780C16AFE80A0051636D /* zip.h */,
			);
			path = minizip;
			sourceTree = "<group>";
		};
/* End PBXGroup section */

/* Begin PBXNativeTarget section */
		0448842916AFD824000EA0FB /* LSFontLoader */ = {
			isa = PBXNativeTarget;
			buildConfigurationList = 0448843816AFD824000EA0FB /* Build configuration list for PBXNativeTarget "LSFontLoader" */;
			buildPhases = (
				0448842616AFD824000EA0FB /* Sources */,
				0448842716AFD824000EA0FB /* Frameworks */,
				0448842816AFD824000EA0FB /* CopyFiles */,
			);
			buildRules = (
			);
			dependencies = (
			);
			name = LSFontLoader;
			productName = LSFontLoader;
			productReference = 0448842A16AFD824000EA0FB /* libLSFontLoader.a */;
			productType = "com.apple.product-type.library.static";
		};
		0448843E16AFD9A8000EA0FB /* LSFontLoaderExample */ = {
			isa = PBXNativeTarget;
			buildConfigurationList = 0448845E16AFD9A8000EA0FB /* Build configuration list for PBXNativeTarget "LSFontLoaderExample" */;
			buildPhases = (
				0448843B16AFD9A8000EA0FB /* Sources */,
				0448843C16AFD9A8000EA0FB /* Frameworks */,
				0448843D16AFD9A8000EA0FB /* Resources */,
			);
			buildRules = (
			);
			dependencies = (
			);
			name = LSFontLoaderExample;
			productName = LSFontLoaderExample;
			productReference = 0448843F16AFD9A8000EA0FB /* LSFontLoaderExample.app */;
			productType = "com.apple.product-type.application";
		};
/* End PBXNativeTarget section */

/* Begin PBXProject section */
		0448842116AFD824000EA0FB /* Project object */ = {
			isa = PBXProject;
			attributes = {
				LastUpgradeCheck = 0450;
				ORGANIZATIONNAME = "Luo Sheng";
			};
			buildConfigurationList = 0448842416AFD824000EA0FB /* Build configuration list for PBXProject "LSFontLoader" */;
			compatibilityVersion = "Xcode 3.2";
			developmentRegion = English;
			hasScannedForEncodings = 0;
			knownRegions = (
				en,
			);
			mainGroup = 0448841F16AFD824000EA0FB;
			productRefGroup = 0448842B16AFD824000EA0FB /* Products */;
			projectDirPath = "";
			projectRoot = "";
			targets = (
				0448842916AFD824000EA0FB /* LSFontLoader */,
				0448843E16AFD9A8000EA0FB /* LSFontLoaderExample */,
			);
		};
/* End PBXProject section */

/* Begin PBXResourcesBuildPhase section */
		0448843D16AFD9A8000EA0FB /* Resources */ = {
			isa = PBXResourcesBuildPhase;
			buildActionMask = 2147483647;
			files = (
				0448844B16AFD9A8000EA0FB /* InfoPlist.strings in Resources */,
				0448845316AFD9A8000EA0FB /* Default.png in Resources */,
				0448845516AFD9A8000EA0FB /* Default@2x.png in Resources */,
				0448845716AFD9A8000EA0FB /* Default-568h@2x.png in Resources */,
				04303F5116B02670005F9DA0 /* index.html in Resources */,
				041B64FA16B7CCB800B734D2 /* LSWebViewController.xib in Resources */,
			);
			runOnlyForDeploymentPostprocessing = 0;
		};
/* End PBXResourcesBuildPhase section */

/* Begin PBXSourcesBuildPhase section */
		0448842616AFD824000EA0FB /* Sources */ = {
			isa = PBXSourcesBuildPhase;
			buildActionMask = 2147483647;
			files = (
				0448843516AFD824000EA0FB /* LSFontLoader.m in Sources */,
				044884D516AFDCBC000EA0FB /* AFHTTPClient.m in Sources */,
				044884D616AFDCBC000EA0FB /* AFHTTPRequestOperation.m in Sources */,
				044884D716AFDCBC000EA0FB /* AFImageRequestOperation.m in Sources */,
				044884D816AFDCBC000EA0FB /* AFJSONRequestOperation.m in Sources */,
				044884D916AFDCBC000EA0FB /* AFNetworkActivityIndicatorManager.m in Sources */,
				044884DA16AFDCBC000EA0FB /* AFPropertyListRequestOperation.m in Sources */,
				044884DB16AFDCBC000EA0FB /* AFURLConnectionOperation.m in Sources */,
				044884DC16AFDCBC000EA0FB /* AFXMLRequestOperation.m in Sources */,
				044884DD16AFDCBC000EA0FB /* UIImageView+AFNetworking.m in Sources */,
				04C177FB16AFE10E0051636D /* LSPropertyListRequestOperation.m in Sources */,
				04C177FE16AFE2A80051636D /* LSFontAsset.m in Sources */,
				04C1781F16AFE80A0051636D /* ioapi.c in Sources */,
				04C1782016AFE80A0051636D /* mztools.c in Sources */,
				04C1782116AFE80A0051636D /* unzip.c in Sources */,
				04C1782216AFE80A0051636D /* zip.c in Sources */,
				04C1782316AFE80A0051636D /* SSZipArchive.m in Sources */,
				042024CC16B0104E007148BA /* LSFontInfo.m in Sources */,
			);
			runOnlyForDeploymentPostprocessing = 0;
		};
		0448843B16AFD9A8000EA0FB /* Sources */ = {
			isa = PBXSourcesBuildPhase;
			buildActionMask = 2147483647;
			files = (
				0448844D16AFD9A8000EA0FB /* main.m in Sources */,
				0448845116AFD9A8000EA0FB /* LSAppDelegate.m in Sources */,
				0448845A16AFD9A8000EA0FB /* LSViewController.m in Sources */,
				041B64F916B7CCB800B734D2 /* LSWebViewController.m in Sources */,
			);
			runOnlyForDeploymentPostprocessing = 0;
		};
/* End PBXSourcesBuildPhase section */

/* Begin PBXVariantGroup section */
		0448844916AFD9A8000EA0FB /* InfoPlist.strings */ = {
			isa = PBXVariantGroup;
			children = (
				0448844A16AFD9A8000EA0FB /* en */,
			);
			name = InfoPlist.strings;
			sourceTree = "<group>";
		};
/* End PBXVariantGroup section */

/* Begin XCBuildConfiguration section */
		0448843616AFD824000EA0FB /* Debug */ = {
			isa = XCBuildConfiguration;
			buildSettings = {
				ALWAYS_SEARCH_USER_PATHS = NO;
				CLANG_CXX_LANGUAGE_STANDARD = "gnu++0x";
				CLANG_CXX_LIBRARY = "libc++";
				CLANG_ENABLE_OBJC_ARC = YES;
				CLANG_WARN_EMPTY_BODY = YES;
				CLANG_WARN__DUPLICATE_METHOD_MATCH = YES;
				COPY_PHASE_STRIP = NO;
				GCC_C_LANGUAGE_STANDARD = gnu99;
				GCC_DYNAMIC_NO_PIC = NO;
				GCC_OPTIMIZATION_LEVEL = 0;
				GCC_PREPROCESSOR_DEFINITIONS = (
					"DEBUG=1",
					"$(inherited)",
				);
				GCC_SYMBOLS_PRIVATE_EXTERN = NO;
				GCC_WARN_ABOUT_RETURN_TYPE = YES;
				GCC_WARN_UNINITIALIZED_AUTOS = YES;
				GCC_WARN_UNUSED_VARIABLE = YES;
				IPHONEOS_DEPLOYMENT_TARGET = 6.0;
				ONLY_ACTIVE_ARCH = YES;
				SDKROOT = iphoneos;
			};
			name = Debug;
		};
		0448843716AFD824000EA0FB /* Release */ = {
			isa = XCBuildConfiguration;
			buildSettings = {
				ALWAYS_SEARCH_USER_PATHS = NO;
				CLANG_CXX_LANGUAGE_STANDARD = "gnu++0x";
				CLANG_CXX_LIBRARY = "libc++";
				CLANG_ENABLE_OBJC_ARC = YES;
				CLANG_WARN_EMPTY_BODY = YES;
				CLANG_WARN__DUPLICATE_METHOD_MATCH = YES;
				COPY_PHASE_STRIP = YES;
				GCC_C_LANGUAGE_STANDARD = gnu99;
				GCC_WARN_ABOUT_RETURN_TYPE = YES;
				GCC_WARN_UNINITIALIZED_AUTOS = YES;
				GCC_WARN_UNUSED_VARIABLE = YES;
				IPHONEOS_DEPLOYMENT_TARGET = 6.0;
				SDKROOT = iphoneos;
				VALIDATE_PRODUCT = YES;
			};
			name = Release;
		};
		0448843916AFD824000EA0FB /* Debug */ = {
			isa = XCBuildConfiguration;
			buildSettings = {
				DSTROOT = /tmp/LSFontLoader.dst;
				GCC_PRECOMPILE_PREFIX_HEADER = YES;
				GCC_PREFIX_HEADER = "LSFontLoader/LSFontLoader-Prefix.pch";
				OTHER_LDFLAGS = "-ObjC";
				PRODUCT_NAME = "$(TARGET_NAME)";
				SKIP_INSTALL = YES;
			};
			name = Debug;
		};
		0448843A16AFD824000EA0FB /* Release */ = {
			isa = XCBuildConfiguration;
			buildSettings = {
				DSTROOT = /tmp/LSFontLoader.dst;
				GCC_PRECOMPILE_PREFIX_HEADER = YES;
				GCC_PREFIX_HEADER = "LSFontLoader/LSFontLoader-Prefix.pch";
				OTHER_LDFLAGS = "-ObjC";
				PRODUCT_NAME = "$(TARGET_NAME)";
				SKIP_INSTALL = YES;
			};
			name = Release;
		};
		0448845F16AFD9A8000EA0FB /* Debug */ = {
			isa = XCBuildConfiguration;
			buildSettings = {
				"CODE_SIGN_IDENTITY[sdk=iphoneos*]" = "iPhone Developer";
				GCC_PRECOMPILE_PREFIX_HEADER = YES;
				GCC_PREFIX_HEADER = "LSFontLoaderExample/LSFontLoaderExample-Prefix.pch";
				INFOPLIST_FILE = "LSFontLoaderExample/LSFontLoaderExample-Info.plist";
				PRODUCT_NAME = "$(TARGET_NAME)";
				WRAPPER_EXTENSION = app;
			};
			name = Debug;
		};
		0448846016AFD9A8000EA0FB /* Release */ = {
			isa = XCBuildConfiguration;
			buildSettings = {
				"CODE_SIGN_IDENTITY[sdk=iphoneos*]" = "iPhone Developer";
				GCC_PRECOMPILE_PREFIX_HEADER = YES;
				GCC_PREFIX_HEADER = "LSFontLoaderExample/LSFontLoaderExample-Prefix.pch";
				INFOPLIST_FILE = "LSFontLoaderExample/LSFontLoaderExample-Info.plist";
				OTHER_CFLAGS = "-DNS_BLOCK_ASSERTIONS=1";
				PRODUCT_NAME = "$(TARGET_NAME)";
				WRAPPER_EXTENSION = app;
			};
			name = Release;
		};
/* End XCBuildConfiguration section */

/* Begin XCConfigurationList section */
		0448842416AFD824000EA0FB /* Build configuration list for PBXProject "LSFontLoader" */ = {
			isa = XCConfigurationList;
			buildConfigurations = (
				0448843616AFD824000EA0FB /* Debug */,
				0448843716AFD824000EA0FB /* Release */,
			);
			defaultConfigurationIsVisible = 0;
			defaultConfigurationName = Release;
		};
		0448843816AFD824000EA0FB /* Build configuration list for PBXNativeTarget "LSFontLoader" */ = {
			isa = XCConfigurationList;
			buildConfigurations = (
				0448843916AFD824000EA0FB /* Debug */,
				0448843A16AFD824000EA0FB /* Release */,
			);
			defaultConfigurationIsVisible = 0;
			defaultConfigurationName = Release;
		};
		0448845E16AFD9A8000EA0FB /* Build configuration list for PBXNativeTarget "LSFontLoaderExample" */ = {
			isa = XCConfigurationList;
			buildConfigurations = (
				0448845F16AFD9A8000EA0FB /* Debug */,
				0448846016AFD9A8000EA0FB /* Release */,
			);
			defaultConfigurationIsVisible = 0;
			defaultConfigurationName = Release;
		};
/* End XCConfigurationList section */
	};
	rootObject = 0448842116AFD824000EA0FB /* Project object */;
}
